// !$*UTF8*$!
{
	archiveVersion = 1;
	classes = {
	};
	objectVersion = 55;
	objects = {

/* Begin PBXBuildFile section */
		B876F2402727B52500855BE5 /* AppDelegate.swift in Sources */ = {isa = PBXBuildFile; fileRef = B876F23F2727B52500855BE5 /* AppDelegate.swift */; };
		B876F2422727B52500855BE5 /* SceneDelegate.swift in Sources */ = {isa = PBXBuildFile; fileRef = B876F2412727B52500855BE5 /* SceneDelegate.swift */; };
		B876F2442727B52500855BE5 /* ViewController.swift in Sources */ = {isa = PBXBuildFile; fileRef = B876F2432727B52500855BE5 /* ViewController.swift */; };
		B876F2472727B52500855BE5 /* Main.storyboard in Resources */ = {isa = PBXBuildFile; fileRef = B876F2452727B52500855BE5 /* Main.storyboard */; };
		B876F2492727B52700855BE5 /* Assets.xcassets in Resources */ = {isa = PBXBuildFile; fileRef = B876F2482727B52700855BE5 /* Assets.xcassets */; };
		B876F24C2727B52700855BE5 /* LaunchScreen.storyboard in Resources */ = {isa = PBXBuildFile; fileRef = B876F24A2727B52700855BE5 /* LaunchScreen.storyboard */; };
		B876F2542727B69D00855BE5 /* GoogleService-Info.plist in Resources */ = {isa = PBXBuildFile; fileRef = B876F2532727B69D00855BE5 /* GoogleService-Info.plist */; };
		B876F2562728013800855BE5 /* mainViewController.swift in Sources */ = {isa = PBXBuildFile; fileRef = B876F2552728013800855BE5 /* mainViewController.swift */; };
		C7781EB8DFDE499763D1D6B8 /* Pods_firebaseTest.framework in Frameworks */ = {isa = PBXBuildFile; fileRef = 70E99AF1C2F216685897B0B2 /* Pods_firebaseTest.framework */; };
/* End PBXBuildFile section */

/* Begin PBXFileReference section */
		70E99AF1C2F216685897B0B2 /* Pods_firebaseTest.framework */ = {isa = PBXFileReference; explicitFileType = wrapper.framework; includeInIndex = 0; path = Pods_firebaseTest.framework; sourceTree = BUILT_PRODUCTS_DIR; };
		B876F23C2727B52500855BE5 /* firebaseTest.app */ = {isa = PBXFileReference; explicitFileType = wrapper.application; includeInIndex = 0; path = firebaseTest.app; sourceTree = BUILT_PRODUCTS_DIR; };
		B876F23F2727B52500855BE5 /* AppDelegate.swift */ = {isa = PBXFileReference; lastKnownFileType = sourcecode.swift; path = AppDelegate.swift; sourceTree = "<group>"; };
		B876F2412727B52500855BE5 /* SceneDelegate.swift */ = {isa = PBXFileReference; lastKnownFileType = sourcecode.swift; path = SceneDelegate.swift; sourceTree = "<group>"; };
		B876F2432727B52500855BE5 /* ViewController.swift */ = {isa = PBXFileReference; lastKnownFileType = sourcecode.swift; path = ViewController.swift; sourceTree = "<group>"; };
		B876F2462727B52500855BE5 /* Base */ = {isa = PBXFileReference; lastKnownFileType = file.storyboard; name = Base; path = Base.lproj/Main.storyboard; sourceTree = "<group>"; };
		B876F2482727B52700855BE5 /* Assets.xcassets */ = {isa = PBXFileReference; lastKnownFileType = folder.assetcatalog; path = Assets.xcassets; sourceTree = "<group>"; };
		B876F24B2727B52700855BE5 /* Base */ = {isa = PBXFileReference; lastKnownFileType = file.storyboard; name = Base; path = Base.lproj/LaunchScreen.storyboard; sourceTree = "<group>"; };
		B876F24D2727B52700855BE5 /* Info.plist */ = {isa = PBXFileReference; lastKnownFileType = text.plist.xml; path = Info.plist; sourceTree = "<group>"; };
		B876F2532727B69D00855BE5 /* GoogleService-Info.plist */ = {isa = PBXFileReference; fileEncoding = 4; lastKnownFileType = text.plist.xml; path = "GoogleService-Info.plist"; sourceTree = "<group>"; };
		B876F2552728013800855BE5 /* mainViewController.swift */ = {isa = PBXFileReference; lastKnownFileType = sourcecode.swift; path = mainViewController.swift; sourceTree = "<group>"; };
		C478513C1A7FA50A192750BA /* Pods-firebaseTest.release.xcconfig */ = {isa = PBXFileReference; includeInIndex = 1; lastKnownFileType = text.xcconfig; name = "Pods-firebaseTest.release.xcconfig"; path = "Target Support Files/Pods-firebaseTest/Pods-firebaseTest.release.xcconfig"; sourceTree = "<group>"; };
		EF12821704C5E1AD2DE1D791 /* Pods-firebaseTest.debug.xcconfig */ = {isa = PBXFileReference; includeInIndex = 1; lastKnownFileType = text.xcconfig; name = "Pods-firebaseTest.debug.xcconfig"; path = "Target Support Files/Pods-firebaseTest/Pods-firebaseTest.debug.xcconfig"; sourceTree = "<group>"; };
/* End PBXFileReference section */

/* Begin PBXFrameworksBuildPhase section */
		B876F2392727B52500855BE5 /* Frameworks */ = {
			isa = PBXFrameworksBuildPhase;
			buildActionMask = 2147483647;
			files = (
				C7781EB8DFDE499763D1D6B8 /* Pods_firebaseTest.framework in Frameworks */,
			);
			runOnlyForDeploymentPostprocessing = 0;
		};
/* End PBXFrameworksBuildPhase section */

/* Begin PBXGroup section */
		B876F2332727B52500855BE5 = {
			isa = PBXGroup;
			children = (
				B876F23E2727B52500855BE5 /* firebaseTest */,
				B876F23D2727B52500855BE5 /* Products */,
				D87EEF72803A4DC90AE3DBA9 /* Pods */,
				EC6AC5296F6089509FB6EA77 /* Frameworks */,
			);
			sourceTree = "<group>";
		};
		B876F23D2727B52500855BE5 /* Products */ = {
			isa = PBXGroup;
			children = (
				B876F23C2727B52500855BE5 /* firebaseTest.app */,
			);
			name = Products;
			sourceTree = "<group>";
		};
		B876F23E2727B52500855BE5 /* firebaseTest */ = {
			isa = PBXGroup;
			children = (
				B876F23F2727B52500855BE5 /* AppDelegate.swift */,
				B876F2412727B52500855BE5 /* SceneDelegate.swift */,
				B876F2432727B52500855BE5 /* ViewController.swift */,
				B876F2552728013800855BE5 /* mainViewController.swift */,
				B876F2452727B52500855BE5 /* Main.storyboard */,
				B876F2482727B52700855BE5 /* Assets.xcassets */,
				B876F24A2727B52700855BE5 /* LaunchScreen.storyboard */,
				B876F2532727B69D00855BE5 /* GoogleService-Info.plist */,
				B876F24D2727B52700855BE5 /* Info.plist */,
			);
			path = firebaseTest;
			sourceTree = "<group>";
		};
		D87EEF72803A4DC90AE3DBA9 /* Pods */ = {
			isa = PBXGroup;
			children = (
				EF12821704C5E1AD2DE1D791 /* Pods-firebaseTest.debug.xcconfig */,
				C478513C1A7FA50A192750BA /* Pods-firebaseTest.release.xcconfig */,
			);
			path = Pods;
			sourceTree = "<group>";
		};
		EC6AC5296F6089509FB6EA77 /* Frameworks */ = {
			isa = PBXGroup;
			children = (
				70E99AF1C2F216685897B0B2 /* Pods_firebaseTest.framework */,
			);
			name = Frameworks;
			sourceTree = "<group>";
		};
/* End PBXGroup section */

/* Begin PBXNativeTarget section */
		B876F23B2727B52500855BE5 /* firebaseTest */ = {
			isa = PBXNativeTarget;
			buildConfigurationList = B876F2502727B52700855BE5 /* Build configuration list for PBXNativeTarget "firebaseTest" */;
			buildPhases = (
				B3D2DDEB11AC03ACFF5DB5EE /* [CP] Check Pods Manifest.lock */,
				B876F2382727B52500855BE5 /* Sources */,
				B876F2392727B52500855BE5 /* Frameworks */,
				B876F23A2727B52500855BE5 /* Resources */,
				E93E47AFF2E0BA49181A9715 /* [CP] Embed Pods Frameworks */,
			);
			buildRules = (
			);
			dependencies = (
			);
			name = firebaseTest;
			productName = firebaseTest;
			productReference = B876F23C2727B52500855BE5 /* firebaseTest.app */;
			productType = "com.apple.product-type.application";
		};
/* End PBXNativeTarget section */

/* Begin PBXProject section */
		B876F2342727B52500855BE5 /* Project object */ = {
			isa = PBXProject;
			attributes = {
				BuildIndependentTargetsInParallel = 1;
				LastSwiftUpdateCheck = 1300;
				LastUpgradeCheck = 1300;
				TargetAttributes = {
					B876F23B2727B52500855BE5 = {
						CreatedOnToolsVersion = 13.0;
					};
				};
			};
			buildConfigurationList = B876F2372727B52500855BE5 /* Build configuration list for PBXProject "firebaseTest" */;
			compatibilityVersion = "Xcode 13.0";
			developmentRegion = en;
			hasScannedForEncodings = 0;
			knownRegions = (
				en,
				Base,
			);
			mainGroup = B876F2332727B52500855BE5;
			productRefGroup = B876F23D2727B52500855BE5 /* Products */;
			projectDirPath = "";
			projectRoot = "";
			targets = (
				B876F23B2727B52500855BE5 /* firebaseTest */,
			);
		};
/* End PBXProject section */

/* Begin PBXResourcesBuildPhase section */
		B876F23A2727B52500855BE5 /* Resources */ = {
			isa = PBXResourcesBuildPhase;
			buildActionMask = 2147483647;
			files = (
				B876F24C2727B52700855BE5 /* LaunchScreen.storyboard in Resources */,
				B876F2542727B69D00855BE5 /* GoogleService-Info.plist in Resources */,
				B876F2492727B52700855BE5 /* Assets.xcassets in Resources */,
				B876F2472727B52500855BE5 /* Main.storyboard in Resources */,
			);
			runOnlyForDeploymentPostprocessing = 0;
		};
/* End PBXResourcesBuildPhase section */

/* Begin PBXShellScriptBuildPhase section */
		B3D2DDEB11AC03ACFF5DB5EE /* [CP] Check Pods Manifest.lock */ = {
			isa = PBXShellScriptBuildPhase;
			buildActionMask = 2147483647;
			files = (
			);
			inputFileListPaths = (
			);
			inputPaths = (
				"${PODS_PODFILE_DIR_PATH}/Podfile.lock",
				"${PODS_ROOT}/Manifest.lock",
			);
			name = "[CP] Check Pods Manifest.lock";
			outputFileListPaths = (
			);
			outputPaths = (
				"$(DERIVED_FILE_DIR)/Pods-firebaseTest-checkManifestLockResult.txt",
			);
			runOnlyForDeploymentPostprocessing = 0;
			shellPath = /bin/sh;
			shellScript = "diff \"${PODS_PODFILE_DIR_PATH}/Podfile.lock\" \"${PODS_ROOT}/Manifest.lock\" > /dev/null\nif [ $? != 0 ] ; then\n    # print error to STDERR\n    echo \"error: The sandbox is not in sync with the Podfile.lock. Run 'pod install' or update your CocoaPods installation.\" >&2\n    exit 1\nfi\n# This output is used by Xcode 'outputs' to avoid re-running this script phase.\necho \"SUCCESS\" > \"${SCRIPT_OUTPUT_FILE_0}\"\n";
			showEnvVarsInLog = 0;
		};
		E93E47AFF2E0BA49181A9715 /* [CP] Embed Pods Frameworks */ = {
			isa = PBXShellScriptBuildPhase;
			buildActionMask = 2147483647;
			files = (
			);
			inputFileListPaths = (
				"${PODS_ROOT}/Target Support Files/Pods-firebaseTest/Pods-firebaseTest-frameworks-${CONFIGURATION}-input-files.xcfilelist",
			);
			name = "[CP] Embed Pods Frameworks";
			outputFileListPaths = (
				"${PODS_ROOT}/Target Support Files/Pods-firebaseTest/Pods-firebaseTest-frameworks-${CONFIGURATION}-output-files.xcfilelist",
			);
			runOnlyForDeploymentPostprocessing = 0;
			shellPath = /bin/sh;
			shellScript = "\"${PODS_ROOT}/Target Support Files/Pods-firebaseTest/Pods-firebaseTest-frameworks.sh\"\n";
			showEnvVarsInLog = 0;
		};
/* End PBXShellScriptBuildPhase section */

/* Begin PBXSourcesBuildPhase section */
		B876F2382727B52500855BE5 /* Sources */ = {
			isa = PBXSourcesBuildPhase;
			buildActionMask = 2147483647;
			files = (
				B876F2442727B52500855BE5 /* ViewController.swift in Sources */,
				B876F2402727B52500855BE5 /* AppDelegate.swift in Sources */,
				B876F2422727B52500855BE5 /* SceneDelegate.swift in Sources */,
				B876F2562728013800855BE5 /* mainViewController.swift in Sources */,
			);
			runOnlyForDeploymentPostprocessing = 0;
		};
/* End PBXSourcesBuildPhase section */

/* Begin PBXVariantGroup section */
		B876F2452727B52500855BE5 /* Main.storyboard */ = {
			isa = PBXVariantGroup;
			children = (
				B876F2462727B52500855BE5 /* Base */,
			);
			name = Main.storyboard;
			sourceTree = "<group>";
		};
		B876F24A2727B52700855BE5 /* LaunchScreen.storyboard */ = {
			isa = PBXVariantGroup;
			children = (
				B876F24B2727B52700855BE5 /* Base */,
			);
			name = LaunchScreen.storyboard;
			sourceTree = "<group>";
		};
/* End PBXVariantGroup section */

/* Begin XCBuildConfiguration section */
		B876F24E2727B52700855BE5 /* Debug */ = {
			isa = XCBuildConfiguration;
			buildSettings = {
				ALWAYS_SEARCH_USER_PATHS = NO;
				CLANG_ANALYZER_NONNULL = YES;
				CLANG_ANALYZER_NUMBER_OBJECT_CONVERSION = YES_AGGRESSIVE;
				CLANG_CXX_LANGUAGE_STANDARD = "gnu++17";
				CLANG_CXX_LIBRARY = "libc++";
				CLANG_ENABLE_MODULES = YES;
				CLANG_ENABLE_OBJC_ARC = YES;
				CLANG_ENABLE_OBJC_WEAK = YES;
				CLANG_WARN_BLOCK_CAPTURE_AUTORELEASING = YES;
				CLANG_WARN_BOOL_CONVERSION = YES;
				CLANG_WARN_COMMA = YES;
				CLANG_WARN_CONSTANT_CONVERSION = YES;
				CLANG_WARN_DEPRECATED_OBJC_IMPLEMENTATIONS = YES;
				CLANG_WARN_DIRECT_OBJC_ISA_USAGE = YES_ERROR;
				CLANG_WARN_DOCUMENTATION_COMMENTS = YES;
				CLANG_WARN_EMPTY_BODY = YES;
				CLANG_WARN_ENUM_CONVERSION = YES;
				CLANG_WARN_INFINITE_RECURSION = YES;
				CLANG_WARN_INT_CONVERSION = YES;
				CLANG_WARN_NON_LITERAL_NULL_CONVERSION = YES;
				CLANG_WARN_OBJC_IMPLICIT_RETAIN_SELF = YES;
				CLANG_WARN_OBJC_LITERAL_CONVERSION = YES;
				CLANG_WARN_OBJC_ROOT_CLASS = YES_ERROR;
				CLANG_WARN_QUOTED_INCLUDE_IN_FRAMEWORK_HEADER = YES;
				CLANG_WARN_RANGE_LOOP_ANALYSIS = YES;
				CLANG_WARN_STRICT_PROTOTYPES = YES;
				CLANG_WARN_SUSPICIOUS_MOVE = YES;
				CLANG_WARN_UNGUARDED_AVAILABILITY = YES_AGGRESSIVE;
				CLANG_WARN_UNREACHABLE_CODE = YES;
				CLANG_WARN__DUPLICATE_METHOD_MATCH = YES;
				COPY_PHASE_STRIP = NO;
				DEBUG_INFORMATION_FORMAT = dwarf;
				ENABLE_STRICT_OBJC_MSGSEND = YES;
				ENABLE_TESTABILITY = YES;
				GCC_C_LANGUAGE_STANDARD = gnu11;
				GCC_DYNAMIC_NO_PIC = NO;
				GCC_NO_COMMON_BLOCKS = YES;
				GCC_OPTIMIZATION_LEVEL = 0;
				GCC_PREPROCESSOR_DEFINITIONS = (
					"DEBUG=1",
					"$(inherited)",
				);
				GCC_WARN_64_TO_32_BIT_CONVERSION = YES;
				GCC_WARN_ABOUT_RETURN_TYPE = YES_ERROR;
				GCC_WARN_UNDECLARED_SELECTOR = YES;
				GCC_WARN_UNINITIALIZED_AUTOS = YES_AGGRESSIVE;
				GCC_WARN_UNUSED_FUNCTION = YES;
				GCC_WARN_UNUSED_VARIABLE = YES;
				IPHONEOS_DEPLOYMENT_TARGET = 15.0;
				MTL_ENABLE_DEBUG_INFO = INCLUDE_SOURCE;
				MTL_FAST_MATH = YES;
				ONLY_ACTIVE_ARCH = YES;
				SDKROOT = iphoneos;
				SWIFT_ACTIVE_COMPILATION_CONDITIONS = DEBUG;
				SWIFT_OPTIMIZATION_LEVEL = "-Onone";
			};
			name = Debug;
		};
		B876F24F2727B52700855BE5 /* Release */ = {
			isa = XCBuildConfiguration;
			buildSettings = {
				ALWAYS_SEARCH_USER_PATHS = NO;
				CLANG_ANALYZER_NONNULL = YES;
				CLANG_ANALYZER_NUMBER_OBJECT_CONVERSION = YES_AGGRESSIVE;
				CLANG_CXX_LANGUAGE_STANDARD = "gnu++17";
				CLANG_CXX_LIBRARY = "libc++";
				CLANG_ENABLE_MODULES = YES;
				CLANG_ENABLE_OBJC_ARC = YES;
				CLANG_ENABLE_OBJC_WEAK = YES;
				CLANG_WARN_BLOCK_CAPTURE_AUTORELEASING = YES;
				CLANG_WARN_BOOL_CONVERSION = YES;
				CLANG_WARN_COMMA = YES;
				CLANG_WARN_CONSTANT_CONVERSION = YES;
				CLANG_WARN_DEPRECATED_OBJC_IMPLEMENTATIONS = YES;
				CLANG_WARN_DIRECT_OBJC_ISA_USAGE = YES_ERROR;
				CLANG_WARN_DOCUMENTATION_COMMENTS = YES;
				CLANG_WARN_EMPTY_BODY = YES;
				CLANG_WARN_ENUM_CONVERSION = YES;
				CLANG_WARN_INFINITE_RECURSION = YES;
				CLANG_WARN_INT_CONVERSION = YES;
				CLANG_WARN_NON_LITERAL_NULL_CONVERSION = YES;
				CLANG_WARN_OBJC_IMPLICIT_RETAIN_SELF = YES;
				CLANG_WARN_OBJC_LITERAL_CONVERSION = YES;
				CLANG_WARN_OBJC_ROOT_CLASS = YES_ERROR;
				CLANG_WARN_QUOTED_INCLUDE_IN_FRAMEWORK_HEADER = YES;
				CLANG_WARN_RANGE_LOOP_ANALYSIS = YES;
				CLANG_WARN_STRICT_PROTOTYPES = YES;
				CLANG_WARN_SUSPICIOUS_MOVE = YES;
				CLANG_WARN_UNGUARDED_AVAILABILITY = YES_AGGRESSIVE;
				CLANG_WARN_UNREACHABLE_CODE = YES;
				CLANG_WARN__DUPLICATE_METHOD_MATCH = YES;
				COPY_PHASE_STRIP = NO;
				DEBUG_INFORMATION_FORMAT = "dwarf-with-dsym";
				ENABLE_NS_ASSERTIONS = NO;
				ENABLE_STRICT_OBJC_MSGSEND = YES;
				GCC_C_LANGUAGE_STANDARD = gnu11;
				GCC_NO_COMMON_BLOCKS = YES;
				GCC_WARN_64_TO_32_BIT_CONVERSION = YES;
				GCC_WARN_ABOUT_RETURN_TYPE = YES_ERROR;
				GCC_WARN_UNDECLARED_SELECTOR = YES;
				GCC_WARN_UNINITIALIZED_AUTOS = YES_AGGRESSIVE;
				GCC_WARN_UNUSED_FUNCTION = YES;
				GCC_WARN_UNUSED_VARIABLE = YES;
				IPHONEOS_DEPLOYMENT_TARGET = 15.0;
				MTL_ENABLE_DEBUG_INFO = NO;
				MTL_FAST_MATH = YES;
				SDKROOT = iphoneos;
				SWIFT_COMPILATION_MODE = wholemodule;
				SWIFT_OPTIMIZATION_LEVEL = "-O";
				VALIDATE_PRODUCT = YES;
			};
			name = Release;
		};
		B876F2512727B52700855BE5 /* Debug */ = {
			isa = XCBuildConfiguration;
			baseConfigurationReference = EF12821704C5E1AD2DE1D791 /* Pods-firebaseTest.debug.xcconfig */;
			buildSettings = {
				ASSETCATALOG_COMPILER_APPICON_NAME = AppIcon;
				ASSETCATALOG_COMPILER_GLOBAL_ACCENT_COLOR_NAME = AccentColor;
				CODE_SIGN_STYLE = Automatic;
				CURRENT_PROJECT_VERSION = 1;
				DEVELOPMENT_TEAM = T7976S8FS6;
				GENERATE_INFOPLIST_FILE = YES;
				INFOPLIST_FILE = firebaseTest/Info.plist;
				INFOPLIST_KEY_UIApplicationSupportsIndirectInputEvents = YES;
				INFOPLIST_KEY_UILaunchStoryboardName = LaunchScreen;
				INFOPLIST_KEY_UIMainStoryboardFile = Main;
				INFOPLIST_KEY_UISupportedInterfaceOrientations_iPad = "UIInterfaceOrientationPortrait UIInterfaceOrientationPortraitUpsideDown UIInterfaceOrientationLandscapeLeft UIInterfaceOrientationLandscapeRight";
				INFOPLIST_KEY_UISupportedInterfaceOrientations_iPhone = "UIInterfaceOrientationPortrait UIInterfaceOrientationLandscapeLeft UIInterfaceOrientationLandscapeRight";
				LD_RUNPATH_SEARCH_PATHS = (
					"$(inherited)",
					"@executable_path/Frameworks",
				);
				MARKETING_VERSION = 1.0;
				PRODUCT_BUNDLE_IDENTIFIER = com.hyein.firebaseTest;
				PRODUCT_NAME = "$(TARGET_NAME)";
				SWIFT_EMIT_LOC_STRINGS = YES;
				SWIFT_VERSION = 5.0;
				TARGETED_DEVICE_FAMILY = "1,2";
			};
			name = Debug;
		};
		B876F2522727B52700855BE5 /* Release */ = {
			isa = XCBuildConfiguration;
			baseConfigurationReference = C478513C1A7FA50A192750BA /* Pods-firebaseTest.release.xcconfig */;
			buildSettings = {
				ASSETCATALOG_COMPILER_APPICON_NAME = AppIcon;
				ASSETCATALOG_COMPILER_GLOBAL_ACCENT_COLOR_NAME = AccentColor;
				CODE_SIGN_STYLE = Automatic;
				CURRENT_PROJECT_VERSION = 1;
				DEVELOPMENT_TEAM = T7976S8FS6;
				GENERATE_INFOPLIST_FILE = YES;
				INFOPLIST_FILE = firebaseTest/Info.plist;
				INFOPLIST_KEY_UIApplicationSupportsIndirectInputEvents = YES;
				INFOPLIST_KEY_UILaunchStoryboardName = LaunchScreen;
				INFOPLIST_KEY_UIMainStoryboardFile = Main;
				INFOPLIST_KEY_UISupportedInterfaceOrientations_iPad = "UIInterfaceOrientationPortrait UIInterfaceOrientationPortraitUpsideDown UIInterfaceOrientationLandscapeLeft UIInterfaceOrientationLandscapeRight";
				INFOPLIST_KEY_UISupportedInterfaceOrientations_iPhone = "UIInterfaceOrientationPortrait UIInterfaceOrientationLandscapeLeft UIInterfaceOrientationLandscapeRight";
				LD_RUNPATH_SEARCH_PATHS = (
					"$(inherited)",
					"@executable_path/Frameworks",
				);
				MARKETING_VERSION = 1.0;
				PRODUCT_BUNDLE_IDENTIFIER = com.hyein.firebaseTest;
				PRODUCT_NAME = "$(TARGET_NAME)";
				SWIFT_EMIT_LOC_STRINGS = YES;
				SWIFT_VERSION = 5.0;
				TARGETED_DEVICE_FAMILY = "1,2";
			};
			name = Release;
		};
/* End XCBuildConfiguration section */

/* Begin XCConfigurationList section */
		B876F2372727B52500855BE5 /* Build configuration list for PBXProject "firebaseTest" */ = {
			isa = XCConfigurationList;
			buildConfigurations = (
				B876F24E2727B52700855BE5 /* Debug */,
				B876F24F2727B52700855BE5 /* Release */,
			);
			defaultConfigurationIsVisible = 0;
			defaultConfigurationName = Release;
		};
		B876F2502727B52700855BE5 /* Build configuration list for PBXNativeTarget "firebaseTest" */ = {
			isa = XCConfigurationList;
			buildConfigurations = (
				B876F2512727B52700855BE5 /* Debug */,
				B876F2522727B52700855BE5 /* Release */,
			);
			defaultConfigurationIsVisible = 0;
			defaultConfigurationName = Release;
		};
/* End XCConfigurationList section */
	};
	rootObject = B876F2342727B52500855BE5 /* Project object */;
}
